
Microsoft Visual Studio Solution File, Format Version 12.00
# Visual Studio 15
VisualStudioVersion = 15.0.27130.2027
MinimumVisualStudioVersion = 10.0.40219.1
Project("{FAE04EC0-301F-11D3-BF4B-00C04F79EFBC}") = "DeDCalculator", "DeDCalculator\DeDCalculator.csproj", "{A99C00FB-7446-4A28-90C2-A3DA1F05D188}"
EndProject
Global
	GlobalSection(SolutionConfigurationPlatforms) = preSolution
		Debug|Any CPU = Debug|Any CPU
		Release|Any CPU = Release|Any CPU
	EndGlobalSection
	GlobalSection(ProjectConfigurationPlatforms) = postSolution
		{A99C00FB-7446-4A28-90C2-A3DA1F05D188}.Debug|Any CPU.ActiveCfg = Debug|Any CPU
		{A99C00FB-7446-4A28-90C2-A3DA1F05D188}.Debug|Any CPU.Build.0 = Debug|Any CPU
		{A99C00FB-7446-4A28-90C2-A3DA1F05D188}.Release|Any CPU.ActiveCfg = Release|Any CPU
		{A99C00FB-7446-4A28-90C2-A3DA1F05D188}.Release|Any CPU.Build.0 = Release|Any CPU
	EndGlobalSection
	GlobalSection(SolutionProperties) = preSolution
		HideSolutionNode = FALSE
	EndGlobalSection
	GlobalSection(ExtensibilityGlobals) = postSolution
		SolutionGuid = {08D150E2-BE24-472D-A9FC-0508516A3DA3}
	EndGlobalSection
EndGlobal
